
Microsoft Visual Studio Solution File, Format Version 12.00
# Visual Studio Version 17
VisualStudioVersion = 17.4.33213.308
MinimumVisualStudioVersion = 10.0.40219.1
Project("{9A19103F-16F7-4668-BE54-9A1E7A4F7556}") = "AdminArchive", "AdminArchive.csproj", "{EE5EE876-40B1-43BD-80CE-FA16453F13EC}"
EndProject
Project("{54435603-DBB4-11D2-8724-00A0C9A8B90C}") = "AminArchiveSetup", "..\AminArchiveSetup\AminArchiveSetup.vdproj", "{CCEEF308-349B-437E-88F7-84CB11632742}"
EndProject
Global
	GlobalSection(SolutionConfigurationPlatforms) = preSolution
		Debug|Any CPU = Debug|Any CPU
		Release|Any CPU = Release|Any CPU
	EndGlobalSection
	GlobalSection(ProjectConfigurationPlatforms) = postSolution
		{EE5EE876-40B1-43BD-80CE-FA16453F13EC}.Debug|Any CPU.ActiveCfg = Debug|Any CPU
		{EE5EE876-40B1-43BD-80CE-FA16453F13EC}.Debug|Any CPU.Build.0 = Debug|Any CPU
		{EE5EE876-40B1-43BD-80CE-FA16453F13EC}.Release|Any CPU.ActiveCfg = Release|Any CPU
		{EE5EE876-40B1-43BD-80CE-FA16453F13EC}.Release|Any CPU.Build.0 = Release|Any CPU
		{CCEEF308-349B-437E-88F7-84CB11632742}.Debug|Any CPU.ActiveCfg = Debug
		{CCEEF308-349B-437E-88F7-84CB11632742}.Release|Any CPU.ActiveCfg = Release
	EndGlobalSection
	GlobalSection(SolutionProperties) = preSolution
		HideSolutionNode = FALSE
	EndGlobalSection
	GlobalSection(ExtensibilityGlobals) = postSolution
		SolutionGuid = {DAF345C9-5816-4DE1-8842-119E3C9E6084}
	EndGlobalSection
EndGlobal
